// !$*UTF8*$!
{
	archiveVersion = 1;
	classes = {
	};
	objectVersion = 48;
	objects = {

/* Begin PBXBuildFile section */
		1643611E1F8B6B1200B28F24 /* AppDelegate.m in Sources */ = {isa = PBXBuildFile; fileRef = 1643611D1F8B6B1200B28F24 /* AppDelegate.m */; };
		164361261F8B6B1200B28F24 /* Assets.xcassets in Resources */ = {isa = PBXBuildFile; fileRef = 164361251F8B6B1200B28F24 /* Assets.xcassets */; };
		164361291F8B6B1200B28F24 /* LaunchScreen.storyboard in Resources */ = {isa = PBXBuildFile; fileRef = 164361271F8B6B1200B28F24 /* LaunchScreen.storyboard */; };
		1643612C1F8B6B1300B28F24 /* main.m in Sources */ = {isa = PBXBuildFile; fileRef = 1643612B1F8B6B1300B28F24 /* main.m */; };
		164361361F8B6B1300B28F24 /* BaseTests.m in Sources */ = {isa = PBXBuildFile; fileRef = 164361351F8B6B1300B28F24 /* BaseTests.m */; };
		164361411F8B6B1300B28F24 /* BaseUITests.m in Sources */ = {isa = PBXBuildFile; fileRef = 164361401F8B6B1300B28F24 /* BaseUITests.m */; };
/* End PBXBuildFile section */

/* Begin PBXContainerItemProxy section */
		164361321F8B6B1300B28F24 /* PBXContainerItemProxy */ = {
			isa = PBXContainerItemProxy;
			containerPortal = 164361111F8B6B1200B28F24 /* Project object */;
			proxyType = 1;
			remoteGlobalIDString = 164361181F8B6B1200B28F24;
			remoteInfo = Base;
		};
		1643613D1F8B6B1300B28F24 /* PBXContainerItemProxy */ = {
			isa = PBXContainerItemProxy;
			containerPortal = 164361111F8B6B1200B28F24 /* Project object */;
			proxyType = 1;
			remoteGlobalIDString = 164361181F8B6B1200B28F24;
			remoteInfo = Base;
		};
/* End PBXContainerItemProxy section */

/* Begin PBXFileReference section */
		164361191F8B6B1200B28F24 /* Base.app */ = {isa = PBXFileReference; explicitFileType = wrapper.application; includeInIndex = 0; path = Base.app; sourceTree = BUILT_PRODUCTS_DIR; };
		1643611C1F8B6B1200B28F24 /* AppDelegate.h */ = {isa = PBXFileReference; lastKnownFileType = sourcecode.c.h; path = AppDelegate.h; sourceTree = "<group>"; };
		1643611D1F8B6B1200B28F24 /* AppDelegate.m */ = {isa = PBXFileReference; lastKnownFileType = sourcecode.c.objc; path = AppDelegate.m; sourceTree = "<group>"; };
		164361251F8B6B1200B28F24 /* Assets.xcassets */ = {isa = PBXFileReference; lastKnownFileType = folder.assetcatalog; path = Assets.xcassets; sourceTree = "<group>"; };
		164361281F8B6B1200B28F24 /* Base */ = {isa = PBXFileReference; lastKnownFileType = file.storyboard; name = Base; path = Base.lproj/LaunchScreen.storyboard; sourceTree = "<group>"; };
		1643612A1F8B6B1300B28F24 /* Info.plist */ = {isa = PBXFileReference; lastKnownFileType = text.plist.xml; path = Info.plist; sourceTree = "<group>"; };
		1643612B1F8B6B1300B28F24 /* main.m */ = {isa = PBXFileReference; lastKnownFileType = sourcecode.c.objc; path = main.m; sourceTree = "<group>"; };
		164361311F8B6B1300B28F24 /* BaseTests.xctest */ = {isa = PBXFileReference; explicitFileType = wrapper.cfbundle; includeInIndex = 0; path = BaseTests.xctest; sourceTree = BUILT_PRODUCTS_DIR; };
		164361351F8B6B1300B28F24 /* BaseTests.m */ = {isa = PBXFileReference; lastKnownFileType = sourcecode.c.objc; path = BaseTests.m; sourceTree = "<group>"; };
		164361371F8B6B1300B28F24 /* Info.plist */ = {isa = PBXFileReference; lastKnownFileType = text.plist.xml; path = Info.plist; sourceTree = "<group>"; };
		1643613C1F8B6B1300B28F24 /* BaseUITests.xctest */ = {isa = PBXFileReference; explicitFileType = wrapper.cfbundle; includeInIndex = 0; path = BaseUITests.xctest; sourceTree = BUILT_PRODUCTS_DIR; };
		164361401F8B6B1300B28F24 /* BaseUITests.m */ = {isa = PBXFileReference; lastKnownFileType = sourcecode.c.objc; path = BaseUITests.m; sourceTree = "<group>"; };
		164361421F8B6B1300B28F24 /* Info.plist */ = {isa = PBXFileReference; lastKnownFileType = text.plist.xml; path = Info.plist; sourceTree = "<group>"; };
		164361531F8B6B9900B28F24 /* DYNavigationController.h */ = {isa = PBXFileReference; lastKnownFileType = sourcecode.c.h; path = DYNavigationController.h; sourceTree = "<group>"; };
		164361541F8B6B9900B28F24 /* DYNavigationController.m */ = {isa = PBXFileReference; lastKnownFileType = sourcecode.c.objc; path = DYNavigationController.m; sourceTree = "<group>"; };
		164361551F8B6B9900B28F24 /* DYTabBarController.h */ = {isa = PBXFileReference; lastKnownFileType = sourcecode.c.h; path = DYTabBarController.h; sourceTree = "<group>"; };
		164361561F8B6B9900B28F24 /* DYTabBarController.m */ = {isa = PBXFileReference; lastKnownFileType = sourcecode.c.objc; path = DYTabBarController.m; sourceTree = "<group>"; };
		164361571F8B6B9900B28F24 /* DYView.h */ = {isa = PBXFileReference; lastKnownFileType = sourcecode.c.h; path = DYView.h; sourceTree = "<group>"; };
		164361581F8B6B9900B28F24 /* DYView.m */ = {isa = PBXFileReference; lastKnownFileType = sourcecode.c.objc; path = DYView.m; sourceTree = "<group>"; };
		164361591F8B6B9900B28F24 /* DYViewController.h */ = {isa = PBXFileReference; lastKnownFileType = sourcecode.c.h; path = DYViewController.h; sourceTree = "<group>"; };
		1643615A1F8B6B9900B28F24 /* DYViewController.m */ = {isa = PBXFileReference; lastKnownFileType = sourcecode.c.objc; path = DYViewController.m; sourceTree = "<group>"; };
		1643615D1F8B6B9900B28F24 /* Foundation+Log.m */ = {isa = PBXFileReference; lastKnownFileType = sourcecode.c.objc; path = "Foundation+Log.m"; sourceTree = "<group>"; };
		1643615E1F8B6B9900B28F24 /* NSArray+Category.h */ = {isa = PBXFileReference; lastKnownFileType = sourcecode.c.h; path = "NSArray+Category.h"; sourceTree = "<group>"; };
		1643615F1F8B6B9900B28F24 /* NSArray+Category.m */ = {isa = PBXFileReference; lastKnownFileType = sourcecode.c.objc; path = "NSArray+Category.m"; sourceTree = "<group>"; };
		164361601F8B6B9900B28F24 /* NSData+CommonCryptor.h */ = {isa = PBXFileReference; lastKnownFileType = sourcecode.c.h; path = "NSData+CommonCryptor.h"; sourceTree = "<group>"; };
		164361611F8B6B9900B28F24 /* NSData+CommonCryptor.m */ = {isa = PBXFileReference; lastKnownFileType = sourcecode.c.objc; path = "NSData+CommonCryptor.m"; sourceTree = "<group>"; };
		164361621F8B6B9900B28F24 /* NSDate+Extension.h */ = {isa = PBXFileReference; lastKnownFileType = sourcecode.c.h; path = "NSDate+Extension.h"; sourceTree = "<group>"; };
		164361631F8B6B9900B28F24 /* NSDate+Extension.m */ = {isa = PBXFileReference; lastKnownFileType = sourcecode.c.objc; path = "NSDate+Extension.m"; sourceTree = "<group>"; };
		164361641F8B6B9900B28F24 /* NSDictionary+Category.h */ = {isa = PBXFileReference; lastKnownFileType = sourcecode.c.h; path = "NSDictionary+Category.h"; sourceTree = "<group>"; };
		164361651F8B6B9900B28F24 /* NSDictionary+Category.m */ = {isa = PBXFileReference; lastKnownFileType = sourcecode.c.objc; path = "NSDictionary+Category.m"; sourceTree = "<group>"; };
		164361661F8B6B9900B28F24 /* NSMutableArray+Category.h */ = {isa = PBXFileReference; lastKnownFileType = sourcecode.c.h; path = "NSMutableArray+Category.h"; sourceTree = "<group>"; };
		164361671F8B6B9900B28F24 /* NSMutableArray+Category.m */ = {isa = PBXFileReference; lastKnownFileType = sourcecode.c.objc; path = "NSMutableArray+Category.m"; sourceTree = "<group>"; };
		164361681F8B6B9900B28F24 /* NSMutableAttributedString+Category.h */ = {isa = PBXFileReference; lastKnownFileType = sourcecode.c.h; path = "NSMutableAttributedString+Category.h"; sourceTree = "<group>"; };
		164361691F8B6B9900B28F24 /* NSMutableAttributedString+Category.m */ = {isa = PBXFileReference; lastKnownFileType = sourcecode.c.objc; path = "NSMutableAttributedString+Category.m"; sourceTree = "<group>"; };
		1643616A1F8B6B9900B28F24 /* NSMutableDictionary+Category.h */ = {isa = PBXFileReference; lastKnownFileType = sourcecode.c.h; path = "NSMutableDictionary+Category.h"; sourceTree = "<group>"; };
		1643616B1F8B6B9900B28F24 /* NSMutableDictionary+Category.m */ = {isa = PBXFileReference; lastKnownFileType = sourcecode.c.objc; path = "NSMutableDictionary+Category.m"; sourceTree = "<group>"; };
		1643616C1F8B6B9900B28F24 /* NSMutableURLRequest+FormData.h */ = {isa = PBXFileReference; lastKnownFileType = sourcecode.c.h; path = "NSMutableURLRequest+FormData.h"; sourceTree = "<group>"; };
		1643616D1F8B6B9900B28F24 /* NSMutableURLRequest+FormData.m */ = {isa = PBXFileReference; lastKnownFileType = sourcecode.c.objc; path = "NSMutableURLRequest+FormData.m"; sourceTree = "<group>"; };
		1643616E1F8B6B9900B28F24 /* NSObject+JSONCategorys.h */ = {isa = PBXFileReference; lastKnownFileType = sourcecode.c.h; path = "NSObject+JSONCategorys.h"; sourceTree = "<group>"; };
		1643616F1F8B6B9900B28F24 /* NSObject+JSONCategorys.m */ = {isa = PBXFileReference; lastKnownFileType = sourcecode.c.objc; path = "NSObject+JSONCategorys.m"; sourceTree = "<group>"; };
		164361701F8B6B9900B28F24 /* NSObject+NULLCategory.h */ = {isa = PBXFileReference; lastKnownFileType = sourcecode.c.h; path = "NSObject+NULLCategory.h"; sourceTree = "<group>"; };
		164361711F8B6B9900B28F24 /* NSObject+NULLCategory.m */ = {isa = PBXFileReference; lastKnownFileType = sourcecode.c.objc; path = "NSObject+NULLCategory.m"; sourceTree = "<group>"; };
		164361721F8B6B9900B28F24 /* NSString+Category.h */ = {isa = PBXFileReference; lastKnownFileType = sourcecode.c.h; path = "NSString+Category.h"; sourceTree = "<group>"; };
		164361731F8B6B9900B28F24 /* NSString+Category.m */ = {isa = PBXFileReference; lastKnownFileType = sourcecode.c.objc; path = "NSString+Category.m"; sourceTree = "<group>"; };
		164361741F8B6B9900B28F24 /* NSTimer+Category.h */ = {isa = PBXFileReference; lastKnownFileType = sourcecode.c.h; path = "NSTimer+Category.h"; sourceTree = "<group>"; };
		164361751F8B6B9900B28F24 /* NSTimer+Category.m */ = {isa = PBXFileReference; lastKnownFileType = sourcecode.c.objc; path = "NSTimer+Category.m"; sourceTree = "<group>"; };
		164361761F8B6B9900B28F24 /* UIBarButtonItem+DYCategory.h */ = {isa = PBXFileReference; lastKnownFileType = sourcecode.c.h; path = "UIBarButtonItem+DYCategory.h"; sourceTree = "<group>"; };
		164361771F8B6B9900B28F24 /* UIBarButtonItem+DYCategory.m */ = {isa = PBXFileReference; lastKnownFileType = sourcecode.c.objc; path = "UIBarButtonItem+DYCategory.m"; sourceTree = "<group>"; };
		164361781F8B6B9900B28F24 /* UIColor+DYCategory.h */ = {isa = PBXFileReference; lastKnownFileType = sourcecode.c.h; path = "UIColor+DYCategory.h"; sourceTree = "<group>"; };
		164361791F8B6B9900B28F24 /* UIColor+DYCategory.m */ = {isa = PBXFileReference; lastKnownFileType = sourcecode.c.objc; path = "UIColor+DYCategory.m"; sourceTree = "<group>"; };
		1643617A1F8B6B9900B28F24 /* UIImage+Category.h */ = {isa = PBXFileReference; lastKnownFileType = sourcecode.c.h; path = "UIImage+Category.h"; sourceTree = "<group>"; };
		1643617B1F8B6B9900B28F24 /* UIImage+Category.m */ = {isa = PBXFileReference; lastKnownFileType = sourcecode.c.objc; path = "UIImage+Category.m"; sourceTree = "<group>"; };
		1643617C1F8B6B9900B28F24 /* UIView+Animation.h */ = {isa = PBXFileReference; lastKnownFileType = sourcecode.c.h; path = "UIView+Animation.h"; sourceTree = "<group>"; };
		1643617D1F8B6B9900B28F24 /* UIView+Animation.m */ = {isa = PBXFileReference; lastKnownFileType = sourcecode.c.objc; path = "UIView+Animation.m"; sourceTree = "<group>"; };
		1643617E1F8B6B9900B28F24 /* UIView+Category.h */ = {isa = PBXFileReference; lastKnownFileType = sourcecode.c.h; path = "UIView+Category.h"; sourceTree = "<group>"; };
		1643617F1F8B6B9900B28F24 /* UIView+Category.m */ = {isa = PBXFileReference; lastKnownFileType = sourcecode.c.objc; path = "UIView+Category.m"; sourceTree = "<group>"; };
		164361801F8B6B9900B28F24 /* UIView+Extension.h */ = {isa = PBXFileReference; lastKnownFileType = sourcecode.c.h; path = "UIView+Extension.h"; sourceTree = "<group>"; };
		164361811F8B6B9900B28F24 /* UIView+Extension.m */ = {isa = PBXFileReference; lastKnownFileType = sourcecode.c.objc; path = "UIView+Extension.m"; sourceTree = "<group>"; };
/* End PBXFileReference section */

/* Begin PBXFrameworksBuildPhase section */
		164361161F8B6B1200B28F24 /* Frameworks */ = {
			isa = PBXFrameworksBuildPhase;
			buildActionMask = 2147483647;
			files = (
			);
			runOnlyForDeploymentPostprocessing = 0;
		};
		1643612E1F8B6B1300B28F24 /* Frameworks */ = {
			isa = PBXFrameworksBuildPhase;
			buildActionMask = 2147483647;
			files = (
			);
			runOnlyForDeploymentPostprocessing = 0;
		};
		164361391F8B6B1300B28F24 /* Frameworks */ = {
			isa = PBXFrameworksBuildPhase;
			buildActionMask = 2147483647;
			files = (
			);
			runOnlyForDeploymentPostprocessing = 0;
		};
/* End PBXFrameworksBuildPhase section */

/* Begin PBXGroup section */
		164361101F8B6B1200B28F24 = {
			isa = PBXGroup;
			children = (
				1643611B1F8B6B1200B28F24 /* Base */,
				164361341F8B6B1300B28F24 /* BaseTests */,
				1643613F1F8B6B1300B28F24 /* BaseUITests */,
				1643611A1F8B6B1200B28F24 /* Products */,
			);
			sourceTree = "<group>";
		};
		1643611A1F8B6B1200B28F24 /* Products */ = {
			isa = PBXGroup;
			children = (
				164361191F8B6B1200B28F24 /* Base.app */,
				164361311F8B6B1300B28F24 /* BaseTests.xctest */,
				1643613C1F8B6B1300B28F24 /* BaseUITests.xctest */,
			);
			name = Products;
			sourceTree = "<group>";
		};
		1643611B1F8B6B1200B28F24 /* Base */ = {
			isa = PBXGroup;
			children = (
				1643611C1F8B6B1200B28F24 /* AppDelegate.h */,
				1643611D1F8B6B1200B28F24 /* AppDelegate.m */,
				164361251F8B6B1200B28F24 /* Assets.xcassets */,
				1643614F1F8B6B9900B28F24 /* Classes */,
				1643614E1F8B6B2500B28F24 /* supports */,
			);
			path = Base;
			sourceTree = "<group>";
		};
		164361341F8B6B1300B28F24 /* BaseTests */ = {
			isa = PBXGroup;
			children = (
				164361351F8B6B1300B28F24 /* BaseTests.m */,
				164361371F8B6B1300B28F24 /* Info.plist */,
			);
			path = BaseTests;
			sourceTree = "<group>";
		};
		1643613F1F8B6B1300B28F24 /* BaseUITests */ = {
			isa = PBXGroup;
			children = (
				164361401F8B6B1300B28F24 /* BaseUITests.m */,
				164361421F8B6B1300B28F24 /* Info.plist */,
			);
			path = BaseUITests;
			sourceTree = "<group>";
		};
		1643614E1F8B6B2500B28F24 /* supports */ = {
			isa = PBXGroup;
			children = (
				164361271F8B6B1200B28F24 /* LaunchScreen.storyboard */,
				1643612A1F8B6B1300B28F24 /* Info.plist */,
				1643612B1F8B6B1300B28F24 /* main.m */,
			);
			path = supports;
			sourceTree = "<group>";
		};
		1643614F1F8B6B9900B28F24 /* Classes */ = {
			isa = PBXGroup;
			children = (
				164361501F8B6B9900B28F24 /* Others */,
				164361841F8B6B9900B28F24 /* UI */,
			);
			path = Classes;
			sourceTree = "<group>";
		};
		164361501F8B6B9900B28F24 /* Others */ = {
			isa = PBXGroup;
			children = (
				164361511F8B6B9900B28F24 /* Custom */,
				1643615C1F8B6B9900B28F24 /* DYCategorys */,
				164361821F8B6B9900B28F24 /* Libs */,
				164361831F8B6B9900B28F24 /* Tools */,
			);
			path = Others;
			sourceTree = "<group>";
		};
		164361511F8B6B9900B28F24 /* Custom */ = {
			isa = PBXGroup;
			children = (
				164361521F8B6B9900B28F24 /* Base */,
				1643615B1F8B6B9900B28F24 /* Views */,
			);
			path = Custom;
			sourceTree = "<group>";
		};
		164361521F8B6B9900B28F24 /* Base */ = {
			isa = PBXGroup;
			children = (
				164361531F8B6B9900B28F24 /* DYNavigationController.h */,
				164361541F8B6B9900B28F24 /* DYNavigationController.m */,
				164361551F8B6B9900B28F24 /* DYTabBarController.h */,
				164361561F8B6B9900B28F24 /* DYTabBarController.m */,
				164361571F8B6B9900B28F24 /* DYView.h */,
				164361581F8B6B9900B28F24 /* DYView.m */,
				164361591F8B6B9900B28F24 /* DYViewController.h */,
				1643615A1F8B6B9900B28F24 /* DYViewController.m */,
			);
			path = Base;
			sourceTree = "<group>";
		};
		1643615B1F8B6B9900B28F24 /* Views */ = {
			isa = PBXGroup;
			children = (
			);
			path = Views;
			sourceTree = "<group>";
		};
		1643615C1F8B6B9900B28F24 /* DYCategorys */ = {
			isa = PBXGroup;
			children = (
				1643615D1F8B6B9900B28F24 /* Foundation+Log.m */,
				1643615E1F8B6B9900B28F24 /* NSArray+Category.h */,
				1643615F1F8B6B9900B28F24 /* NSArray+Category.m */,
				164361601F8B6B9900B28F24 /* NSData+CommonCryptor.h */,
				164361611F8B6B9900B28F24 /* NSData+CommonCryptor.m */,
				164361621F8B6B9900B28F24 /* NSDate+Extension.h */,
				164361631F8B6B9900B28F24 /* NSDate+Extension.m */,
				164361641F8B6B9900B28F24 /* NSDictionary+Category.h */,
				164361651F8B6B9900B28F24 /* NSDictionary+Category.m */,
				164361661F8B6B9900B28F24 /* NSMutableArray+Category.h */,
				164361671F8B6B9900B28F24 /* NSMutableArray+Category.m */,
				164361681F8B6B9900B28F24 /* NSMutableAttributedString+Category.h */,
				164361691F8B6B9900B28F24 /* NSMutableAttributedString+Category.m */,
				1643616A1F8B6B9900B28F24 /* NSMutableDictionary+Category.h */,
				1643616B1F8B6B9900B28F24 /* NSMutableDictionary+Category.m */,
				1643616C1F8B6B9900B28F24 /* NSMutableURLRequest+FormData.h */,
				1643616D1F8B6B9900B28F24 /* NSMutableURLRequest+FormData.m */,
				1643616E1F8B6B9900B28F24 /* NSObject+JSONCategorys.h */,
				1643616F1F8B6B9900B28F24 /* NSObject+JSONCategorys.m */,
				164361701F8B6B9900B28F24 /* NSObject+NULLCategory.h */,
				164361711F8B6B9900B28F24 /* NSObject+NULLCategory.m */,
				164361721F8B6B9900B28F24 /* NSString+Category.h */,
				164361731F8B6B9900B28F24 /* NSString+Category.m */,
				164361741F8B6B9900B28F24 /* NSTimer+Category.h */,
				164361751F8B6B9900B28F24 /* NSTimer+Category.m */,
				164361761F8B6B9900B28F24 /* UIBarButtonItem+DYCategory.h */,
				164361771F8B6B9900B28F24 /* UIBarButtonItem+DYCategory.m */,
				164361781F8B6B9900B28F24 /* UIColor+DYCategory.h */,
				164361791F8B6B9900B28F24 /* UIColor+DYCategory.m */,
				1643617A1F8B6B9900B28F24 /* UIImage+Category.h */,
				1643617B1F8B6B9900B28F24 /* UIImage+Category.m */,
				1643617C1F8B6B9900B28F24 /* UIView+Animation.h */,
				1643617D1F8B6B9900B28F24 /* UIView+Animation.m */,
				1643617E1F8B6B9900B28F24 /* UIView+Category.h */,
				1643617F1F8B6B9900B28F24 /* UIView+Category.m */,
				164361801F8B6B9900B28F24 /* UIView+Extension.h */,
				164361811F8B6B9900B28F24 /* UIView+Extension.m */,
			);
			path = DYCategorys;
			sourceTree = "<group>";
		};
		164361821F8B6B9900B28F24 /* Libs */ = {
			isa = PBXGroup;
			children = (
			);
			path = Libs;
			sourceTree = "<group>";
		};
		164361831F8B6B9900B28F24 /* Tools */ = {
			isa = PBXGroup;
			children = (
			);
			path = Tools;
			sourceTree = "<group>";
		};
		164361841F8B6B9900B28F24 /* UI */ = {
			isa = PBXGroup;
			children = (
			);
			path = UI;
			sourceTree = "<group>";
		};
/* End PBXGroup section */

/* Begin PBXNativeTarget section */
		164361181F8B6B1200B28F24 /* Base */ = {
			isa = PBXNativeTarget;
			buildConfigurationList = 164361451F8B6B1300B28F24 /* Build configuration list for PBXNativeTarget "Base" */;
			buildPhases = (
				164361151F8B6B1200B28F24 /* Sources */,
				164361161F8B6B1200B28F24 /* Frameworks */,
				164361171F8B6B1200B28F24 /* Resources */,
			);
			buildRules = (
			);
			dependencies = (
			);
			name = Base;
			productName = Base;
			productReference = 164361191F8B6B1200B28F24 /* Base.app */;
			productType = "com.apple.product-type.application";
		};
		164361301F8B6B1300B28F24 /* BaseTests */ = {
			isa = PBXNativeTarget;
			buildConfigurationList = 164361481F8B6B1300B28F24 /* Build configuration list for PBXNativeTarget "BaseTests" */;
			buildPhases = (
				1643612D1F8B6B1300B28F24 /* Sources */,
				1643612E1F8B6B1300B28F24 /* Frameworks */,
				1643612F1F8B6B1300B28F24 /* Resources */,
			);
			buildRules = (
			);
			dependencies = (
				164361331F8B6B1300B28F24 /* PBXTargetDependency */,
			);
			name = BaseTests;
			productName = BaseTests;
			productReference = 164361311F8B6B1300B28F24 /* BaseTests.xctest */;
			productType = "com.apple.product-type.bundle.unit-test";
		};
		1643613B1F8B6B1300B28F24 /* BaseUITests */ = {
			isa = PBXNativeTarget;
			buildConfigurationList = 1643614B1F8B6B1300B28F24 /* Build configuration list for PBXNativeTarget "BaseUITests" */;
			buildPhases = (
				164361381F8B6B1300B28F24 /* Sources */,
				164361391F8B6B1300B28F24 /* Frameworks */,
				1643613A1F8B6B1300B28F24 /* Resources */,
			);
			buildRules = (
			);
			dependencies = (
				1643613E1F8B6B1300B28F24 /* PBXTargetDependency */,
			);
			name = BaseUITests;
			productName = BaseUITests;
			productReference = 1643613C1F8B6B1300B28F24 /* BaseUITests.xctest */;
			productType = "com.apple.product-type.bundle.ui-testing";
		};
/* End PBXNativeTarget section */

/* Begin PBXProject section */
		164361111F8B6B1200B28F24 /* Project object */ = {
			isa = PBXProject;
			attributes = {
				LastUpgradeCheck = 0900;
				ORGANIZATIONNAME = wdy;
				TargetAttributes = {
					164361181F8B6B1200B28F24 = {
						CreatedOnToolsVersion = 9.0;
						ProvisioningStyle = Automatic;
					};
					164361301F8B6B1300B28F24 = {
						CreatedOnToolsVersion = 9.0;
						ProvisioningStyle = Automatic;
						TestTargetID = 164361181F8B6B1200B28F24;
					};
					1643613B1F8B6B1300B28F24 = {
						CreatedOnToolsVersion = 9.0;
						ProvisioningStyle = Automatic;
						TestTargetID = 164361181F8B6B1200B28F24;
					};
				};
			};
			buildConfigurationList = 164361141F8B6B1200B28F24 /* Build configuration list for PBXProject "Base" */;
			compatibilityVersion = "Xcode 8.0";
			developmentRegion = en;
			hasScannedForEncodings = 0;
			knownRegions = (
				en,
				Base,
			);
			mainGroup = 164361101F8B6B1200B28F24;
			productRefGroup = 1643611A1F8B6B1200B28F24 /* Products */;
			projectDirPath = "";
			projectRoot = "";
			targets = (
				164361181F8B6B1200B28F24 /* Base */,
				164361301F8B6B1300B28F24 /* BaseTests */,
				1643613B1F8B6B1300B28F24 /* BaseUITests */,
			);
		};
/* End PBXProject section */

/* Begin PBXResourcesBuildPhase section */
		164361171F8B6B1200B28F24 /* Resources */ = {
			isa = PBXResourcesBuildPhase;
			buildActionMask = 2147483647;
			files = (
				164361291F8B6B1200B28F24 /* LaunchScreen.storyboard in Resources */,
				164361261F8B6B1200B28F24 /* Assets.xcassets in Resources */,
			);
			runOnlyForDeploymentPostprocessing = 0;
		};
		1643612F1F8B6B1300B28F24 /* Resources */ = {
			isa = PBXResourcesBuildPhase;
			buildActionMask = 2147483647;
			files = (
			);
			runOnlyForDeploymentPostprocessing = 0;
		};
		1643613A1F8B6B1300B28F24 /* Resources */ = {
			isa = PBXResourcesBuildPhase;
			buildActionMask = 2147483647;
			files = (
			);
			runOnlyForDeploymentPostprocessing = 0;
		};
/* End PBXResourcesBuildPhase section */

/* Begin PBXSourcesBuildPhase section */
		164361151F8B6B1200B28F24 /* Sources */ = {
			isa = PBXSourcesBuildPhase;
			buildActionMask = 2147483647;
			files = (
				1643612C1F8B6B1300B28F24 /* main.m in Sources */,
				1643611E1F8B6B1200B28F24 /* AppDelegate.m in Sources */,
			);
			runOnlyForDeploymentPostprocessing = 0;
		};
		1643612D1F8B6B1300B28F24 /* Sources */ = {
			isa = PBXSourcesBuildPhase;
			buildActionMask = 2147483647;
			files = (
				164361361F8B6B1300B28F24 /* BaseTests.m in Sources */,
			);
			runOnlyForDeploymentPostprocessing = 0;
		};
		164361381F8B6B1300B28F24 /* Sources */ = {
			isa = PBXSourcesBuildPhase;
			buildActionMask = 2147483647;
			files = (
				164361411F8B6B1300B28F24 /* BaseUITests.m in Sources */,
			);
			runOnlyForDeploymentPostprocessing = 0;
		};
/* End PBXSourcesBuildPhase section */

/* Begin PBXTargetDependency section */
		164361331F8B6B1300B28F24 /* PBXTargetDependency */ = {
			isa = PBXTargetDependency;
			target = 164361181F8B6B1200B28F24 /* Base */;
			targetProxy = 164361321F8B6B1300B28F24 /* PBXContainerItemProxy */;
		};
		1643613E1F8B6B1300B28F24 /* PBXTargetDependency */ = {
			isa = PBXTargetDependency;
			target = 164361181F8B6B1200B28F24 /* Base */;
			targetProxy = 1643613D1F8B6B1300B28F24 /* PBXContainerItemProxy */;
		};
/* End PBXTargetDependency section */

/* Begin PBXVariantGroup section */
		164361271F8B6B1200B28F24 /* LaunchScreen.storyboard */ = {
			isa = PBXVariantGroup;
			children = (
				164361281F8B6B1200B28F24 /* Base */,
			);
			name = LaunchScreen.storyboard;
			sourceTree = "<group>";
		};
/* End PBXVariantGroup section */

/* Begin XCBuildConfiguration section */
		164361431F8B6B1300B28F24 /* Debug */ = {
			isa = XCBuildConfiguration;
			buildSettings = {
				ALWAYS_SEARCH_USER_PATHS = NO;
				CLANG_ANALYZER_NONNULL = YES;
				CLANG_ANALYZER_NUMBER_OBJECT_CONVERSION = YES_AGGRESSIVE;
				CLANG_CXX_LANGUAGE_STANDARD = "gnu++14";
				CLANG_CXX_LIBRARY = "libc++";
				CLANG_ENABLE_MODULES = YES;
				CLANG_ENABLE_OBJC_ARC = YES;
				CLANG_WARN_BLOCK_CAPTURE_AUTORELEASING = YES;
				CLANG_WARN_BOOL_CONVERSION = YES;
				CLANG_WARN_COMMA = YES;
				CLANG_WARN_CONSTANT_CONVERSION = YES;
				CLANG_WARN_DIRECT_OBJC_ISA_USAGE = YES_ERROR;
				CLANG_WARN_DOCUMENTATION_COMMENTS = YES;
				CLANG_WARN_EMPTY_BODY = YES;
				CLANG_WARN_ENUM_CONVERSION = YES;
				CLANG_WARN_INFINITE_RECURSION = YES;
				CLANG_WARN_INT_CONVERSION = YES;
				CLANG_WARN_NON_LITERAL_NULL_CONVERSION = YES;
				CLANG_WARN_OBJC_LITERAL_CONVERSION = YES;
				CLANG_WARN_OBJC_ROOT_CLASS = YES_ERROR;
				CLANG_WARN_RANGE_LOOP_ANALYSIS = YES;
				CLANG_WARN_STRICT_PROTOTYPES = YES;
				CLANG_WARN_SUSPICIOUS_MOVE = YES;
				CLANG_WARN_UNGUARDED_AVAILABILITY = YES_AGGRESSIVE;
				CLANG_WARN_UNREACHABLE_CODE = YES;
				CLANG_WARN__DUPLICATE_METHOD_MATCH = YES;
				CODE_SIGN_IDENTITY = "iPhone Developer";
				COPY_PHASE_STRIP = NO;
				DEBUG_INFORMATION_FORMAT = dwarf;
				ENABLE_STRICT_OBJC_MSGSEND = YES;
				ENABLE_TESTABILITY = YES;
				GCC_C_LANGUAGE_STANDARD = gnu11;
				GCC_DYNAMIC_NO_PIC = NO;
				GCC_NO_COMMON_BLOCKS = YES;
				GCC_OPTIMIZATION_LEVEL = 0;
				GCC_PREPROCESSOR_DEFINITIONS = (
					"DEBUG=1",
					"$(inherited)",
				);
				GCC_WARN_64_TO_32_BIT_CONVERSION = YES;
				GCC_WARN_ABOUT_RETURN_TYPE = YES_ERROR;
				GCC_WARN_UNDECLARED_SELECTOR = YES;
				GCC_WARN_UNINITIALIZED_AUTOS = YES_AGGRESSIVE;
				GCC_WARN_UNUSED_FUNCTION = YES;
				GCC_WARN_UNUSED_VARIABLE = YES;
				IPHONEOS_DEPLOYMENT_TARGET = 11.0;
				MTL_ENABLE_DEBUG_INFO = YES;
				ONLY_ACTIVE_ARCH = YES;
				SDKROOT = iphoneos;
			};
			name = Debug;
		};
		164361441F8B6B1300B28F24 /* Release */ = {
			isa = XCBuildConfiguration;
			buildSettings = {
				ALWAYS_SEARCH_USER_PATHS = NO;
				CLANG_ANALYZER_NONNULL = YES;
				CLANG_ANALYZER_NUMBER_OBJECT_CONVERSION = YES_AGGRESSIVE;
				CLANG_CXX_LANGUAGE_STANDARD = "gnu++14";
				CLANG_CXX_LIBRARY = "libc++";
				CLANG_ENABLE_MODULES = YES;
				CLANG_ENABLE_OBJC_ARC = YES;
				CLANG_WARN_BLOCK_CAPTURE_AUTORELEASING = YES;
				CLANG_WARN_BOOL_CONVERSION = YES;
				CLANG_WARN_COMMA = YES;
				CLANG_WARN_CONSTANT_CONVERSION = YES;
				CLANG_WARN_DIRECT_OBJC_ISA_USAGE = YES_ERROR;
				CLANG_WARN_DOCUMENTATION_COMMENTS = YES;
				CLANG_WARN_EMPTY_BODY = YES;
				CLANG_WARN_ENUM_CONVERSION = YES;
				CLANG_WARN_INFINITE_RECURSION = YES;
				CLANG_WARN_INT_CONVERSION = YES;
				CLANG_WARN_NON_LITERAL_NULL_CONVERSION = YES;
				CLANG_WARN_OBJC_LITERAL_CONVERSION = YES;
				CLANG_WARN_OBJC_ROOT_CLASS = YES_ERROR;
				CLANG_WARN_RANGE_LOOP_ANALYSIS = YES;
				CLANG_WARN_STRICT_PROTOTYPES = YES;
				CLANG_WARN_SUSPICIOUS_MOVE = YES;
				CLANG_WARN_UNGUARDED_AVAILABILITY = YES_AGGRESSIVE;
				CLANG_WARN_UNREACHABLE_CODE = YES;
				CLANG_WARN__DUPLICATE_METHOD_MATCH = YES;
				CODE_SIGN_IDENTITY = "iPhone Developer";
				COPY_PHASE_STRIP = NO;
				DEBUG_INFORMATION_FORMAT = "dwarf-with-dsym";
				ENABLE_NS_ASSERTIONS = NO;
				ENABLE_STRICT_OBJC_MSGSEND = YES;
				GCC_C_LANGUAGE_STANDARD = gnu11;
				GCC_NO_COMMON_BLOCKS = YES;
				GCC_WARN_64_TO_32_BIT_CONVERSION = YES;
				GCC_WARN_ABOUT_RETURN_TYPE = YES_ERROR;
				GCC_WARN_UNDECLARED_SELECTOR = YES;
				GCC_WARN_UNINITIALIZED_AUTOS = YES_AGGRESSIVE;
				GCC_WARN_UNUSED_FUNCTION = YES;
				GCC_WARN_UNUSED_VARIABLE = YES;
				IPHONEOS_DEPLOYMENT_TARGET = 11.0;
				MTL_ENABLE_DEBUG_INFO = NO;
				SDKROOT = iphoneos;
				VALIDATE_PRODUCT = YES;
			};
			name = Release;
		};
		164361461F8B6B1300B28F24 /* Debug */ = {
			isa = XCBuildConfiguration;
			buildSettings = {
				ASSETCATALOG_COMPILER_APPICON_NAME = AppIcon;
				ASSETCATALOG_COMPILER_LAUNCHIMAGE_NAME = LaunchImage;
				CODE_SIGN_STYLE = Automatic;
				ENABLE_BITCODE = NO;
				INFOPLIST_FILE = "$(SRCROOT)/Base/supports/Info.plist";
				IPHONEOS_DEPLOYMENT_TARGET = 9.0;
				LD_RUNPATH_SEARCH_PATHS = "$(inherited) @executable_path/Frameworks";
				PRODUCT_BUNDLE_IDENTIFIER = com.Wangdongyao.Base;
				PRODUCT_NAME = "$(TARGET_NAME)";
				TARGETED_DEVICE_FAMILY = 1;
			};
			name = Debug;
		};
		164361471F8B6B1300B28F24 /* Release */ = {
			isa = XCBuildConfiguration;
			buildSettings = {
				ASSETCATALOG_COMPILER_APPICON_NAME = AppIcon;
				ASSETCATALOG_COMPILER_LAUNCHIMAGE_NAME = LaunchImage;
				CODE_SIGN_STYLE = Automatic;
				ENABLE_BITCODE = NO;
				INFOPLIST_FILE = "$(SRCROOT)/Base/supports/Info.plist";
				IPHONEOS_DEPLOYMENT_TARGET = 9.0;
				LD_RUNPATH_SEARCH_PATHS = "$(inherited) @executable_path/Frameworks";
				PRODUCT_BUNDLE_IDENTIFIER = com.Wangdongyao.Base;
				PRODUCT_NAME = "$(TARGET_NAME)";
				TARGETED_DEVICE_FAMILY = 1;
			};
			name = Release;
		};
		164361491F8B6B1300B28F24 /* Debug */ = {
			isa = XCBuildConfiguration;
			buildSettings = {
				BUNDLE_LOADER = "$(TEST_HOST)";
				CODE_SIGN_STYLE = Automatic;
				INFOPLIST_FILE = BaseTests/Info.plist;
				LD_RUNPATH_SEARCH_PATHS = "$(inherited) @executable_path/Frameworks @loader_path/Frameworks";
				PRODUCT_BUNDLE_IDENTIFIER = com.Wangdongyao.BaseTests;
				PRODUCT_NAME = "$(TARGET_NAME)";
				TARGETED_DEVICE_FAMILY = "1,2";
				TEST_HOST = "$(BUILT_PRODUCTS_DIR)/Base.app/Base";
			};
			name = Debug;
		};
		1643614A1F8B6B1300B28F24 /* Release */ = {
			isa = XCBuildConfiguration;
			buildSettings = {
				BUNDLE_LOADER = "$(TEST_HOST)";
				CODE_SIGN_STYLE = Automatic;
				INFOPLIST_FILE = BaseTests/Info.plist;
				LD_RUNPATH_SEARCH_PATHS = "$(inherited) @executable_path/Frameworks @loader_path/Frameworks";
				PRODUCT_BUNDLE_IDENTIFIER = com.Wangdongyao.BaseTests;
				PRODUCT_NAME = "$(TARGET_NAME)";
				TARGETED_DEVICE_FAMILY = "1,2";
				TEST_HOST = "$(BUILT_PRODUCTS_DIR)/Base.app/Base";
			};
			name = Release;
		};
		1643614C1F8B6B1300B28F24 /* Debug */ = {
			isa = XCBuildConfiguration;
			buildSettings = {
				CODE_SIGN_STYLE = Automatic;
				INFOPLIST_FILE = BaseUITests/Info.plist;
				LD_RUNPATH_SEARCH_PATHS = "$(inherited) @executable_path/Frameworks @loader_path/Frameworks";
				PRODUCT_BUNDLE_IDENTIFIER = com.Wangdongyao.BaseUITests;
				PRODUCT_NAME = "$(TARGET_NAME)";
				TARGETED_DEVICE_FAMILY = "1,2";
				TEST_TARGET_NAME = Base;
			};
			name = Debug;
		};
		1643614D1F8B6B1300B28F24 /* Release */ = {
			isa = XCBuildConfiguration;
			buildSettings = {
				CODE_SIGN_STYLE = Automatic;
				INFOPLIST_FILE = BaseUITests/Info.plist;
				LD_RUNPATH_SEARCH_PATHS = "$(inherited) @executable_path/Frameworks @loader_path/Frameworks";
				PRODUCT_BUNDLE_IDENTIFIER = com.Wangdongyao.BaseUITests;
				PRODUCT_NAME = "$(TARGET_NAME)";
				TARGETED_DEVICE_FAMILY = "1,2";
				TEST_TARGET_NAME = Base;
			};
			name = Release;
		};
/* End XCBuildConfiguration section */

/* Begin XCConfigurationList section */
		164361141F8B6B1200B28F24 /* Build configuration list for PBXProject "Base" */ = {
			isa = XCConfigurationList;
			buildConfigurations = (
				164361431F8B6B1300B28F24 /* Debug */,
				164361441F8B6B1300B28F24 /* Release */,
			);
			defaultConfigurationIsVisible = 0;
			defaultConfigurationName = Release;
		};
		164361451F8B6B1300B28F24 /* Build configuration list for PBXNativeTarget "Base" */ = {
			isa = XCConfigurationList;
			buildConfigurations = (
				164361461F8B6B1300B28F24 /* Debug */,
				164361471F8B6B1300B28F24 /* Release */,
			);
			defaultConfigurationIsVisible = 0;
			defaultConfigurationName = Release;
		};
		164361481F8B6B1300B28F24 /* Build configuration list for PBXNativeTarget "BaseTests" */ = {
			isa = XCConfigurationList;
			buildConfigurations = (
				164361491F8B6B1300B28F24 /* Debug */,
				1643614A1F8B6B1300B28F24 /* Release */,
			);
			defaultConfigurationIsVisible = 0;
			defaultConfigurationName = Release;
		};
		1643614B1F8B6B1300B28F24 /* Build configuration list for PBXNativeTarget "BaseUITests" */ = {
			isa = XCConfigurationList;
			buildConfigurations = (
				1643614C1F8B6B1300B28F24 /* Debug */,
				1643614D1F8B6B1300B28F24 /* Release */,
			);
			defaultConfigurationIsVisible = 0;
			defaultConfigurationName = Release;
		};
/* End XCConfigurationList section */
	};
	rootObject = 164361111F8B6B1200B28F24 /* Project object */;
}
